
Microsoft Visual Studio Solution File, Format Version 12.00
# Visual Studio Version 17
VisualStudioVersion = 17.14.36429.23 d17.14
MinimumVisualStudioVersion = 10.0.40219.1
Project("{FAE04EC0-301F-11D3-BF4B-00C04F79EFBC}") = "FutureXcelTask2", "FutureXcelTask2\FutureXcelTask2.csproj", "{01D669CB-5E3F-4E7A-89C8-E7BD5B08AA28}"
EndProject
Global
	GlobalSection(SolutionConfigurationPlatforms) = preSolution
		Debug|Any CPU = Debug|Any CPU
		Release|Any CPU = Release|Any CPU
	EndGlobalSection
	GlobalSection(ProjectConfigurationPlatforms) = postSolution
		{01D669CB-5E3F-4E7A-89C8-E7BD5B08AA28}.Debug|Any CPU.ActiveCfg = Debug|Any CPU
		{01D669CB-5E3F-4E7A-89C8-E7BD5B08AA28}.Debug|Any CPU.Build.0 = Debug|Any CPU
		{01D669CB-5E3F-4E7A-89C8-E7BD5B08AA28}.Release|Any CPU.ActiveCfg = Release|Any CPU
		{01D669CB-5E3F-4E7A-89C8-E7BD5B08AA28}.Release|Any CPU.Build.0 = Release|Any CPU
	EndGlobalSection
	GlobalSection(SolutionProperties) = preSolution
		HideSolutionNode = FALSE
	EndGlobalSection
	GlobalSection(ExtensibilityGlobals) = postSolution
		SolutionGuid = {6811F4B0-54E9-43FD-BE32-B439A2E737CC}
	EndGlobalSection
EndGlobal
